
Microsoft Visual Studio Solution File, Format Version 12.00
# Visual Studio 14
VisualStudioVersion = 14.0.25123.0
MinimumVisualStudioVersion = 10.0.40219.1
Project("{FAE04EC0-301F-11D3-BF4B-00C04F79EFBC}") = "DDD.ApplicationService", "src\DDD.ApplicationService\DDD.ApplicationService.csproj", "{E9AEF64F-CA09-40DC-AAEA-F093696EF51B}"
EndProject
Project("{2150E333-8FDC-42A3-9474-1A3956D46DE8}") = "1-Layers", "1-Layers", "{41EB9048-E76B-476F-A11C-CE55EA6D75F0}"
EndProject
Project("{2150E333-8FDC-42A3-9474-1A3956D46DE8}") = "1.2-ApplicationService", "1.2-ApplicationService", "{F64AD3E4-640E-4E8F-B449-8E5B1D485C89}"
EndProject
Project("{2150E333-8FDC-42A3-9474-1A3956D46DE8}") = "1.1-WebApi", "1.1-WebApi", "{2FF60A07-6EF5-4309-8E60-8ADE09B8EC71}"
EndProject
Project("{2150E333-8FDC-42A3-9474-1A3956D46DE8}") = "1.3-Domain", "1.3-Domain", "{BA3A6AB6-2171-4FD7-B315-AB54F5DA647F}"
EndProject
Project("{2150E333-8FDC-42A3-9474-1A3956D46DE8}") = "1.4-Infraestructure", "1.4-Infraestructure", "{AEE93437-911C-487F-A79B-2F014FB29873}"
EndProject
Project("{2150E333-8FDC-42A3-9474-1A3956D46DE8}") = "2-Test", "2-Test", "{72CD44AA-019E-408A-A19B-5105CA1F376B}"
EndProject
Project("{2150E333-8FDC-42A3-9474-1A3956D46DE8}") = "1.2-ApplicationService", "1.2-ApplicationService", "{3E001268-7A7F-41B7-8F2C-1FE64B477AC6}"
EndProject
Project("{FAE04EC0-301F-11D3-BF4B-00C04F79EFBC}") = "DDD.ApplicationService.Test", "test\DDD.ApplicationService.Test\DDD.ApplicationService.Test.csproj", "{CBC9D730-BB97-424E-B90C-C2D564D755D6}"
EndProject
Project("{FAE04EC0-301F-11D3-BF4B-00C04F79EFBC}") = "DDD.Domain", "src\DDD.Domain\DDD.Domain.csproj", "{3711B314-864C-44E8-B481-DA0AACF62E05}"
EndProject
Project("{2150E333-8FDC-42A3-9474-1A3956D46DE8}") = "1.3-Domain", "1.3-Domain", "{0702E95B-4DB3-495E-887C-682A236BCD14}"
EndProject
Project("{FAE04EC0-301F-11D3-BF4B-00C04F79EFBC}") = "DDD.Domain.Test", "test\DDD.Domain.Test\DDD.Domain.Test.csproj", "{D4B466DE-A81D-4FD6-BDE3-C523C1D62F56}"
EndProject
Global
	GlobalSection(SolutionConfigurationPlatforms) = preSolution
		Debug|Any CPU = Debug|Any CPU
		Release|Any CPU = Release|Any CPU
	EndGlobalSection
	GlobalSection(ProjectConfigurationPlatforms) = postSolution
		{E9AEF64F-CA09-40DC-AAEA-F093696EF51B}.Debug|Any CPU.ActiveCfg = Debug|Any CPU
		{E9AEF64F-CA09-40DC-AAEA-F093696EF51B}.Debug|Any CPU.Build.0 = Debug|Any CPU
		{E9AEF64F-CA09-40DC-AAEA-F093696EF51B}.Release|Any CPU.ActiveCfg = Release|Any CPU
		{E9AEF64F-CA09-40DC-AAEA-F093696EF51B}.Release|Any CPU.Build.0 = Release|Any CPU
		{CBC9D730-BB97-424E-B90C-C2D564D755D6}.Debug|Any CPU.ActiveCfg = Debug|Any CPU
		{CBC9D730-BB97-424E-B90C-C2D564D755D6}.Debug|Any CPU.Build.0 = Debug|Any CPU
		{CBC9D730-BB97-424E-B90C-C2D564D755D6}.Release|Any CPU.ActiveCfg = Release|Any CPU
		{CBC9D730-BB97-424E-B90C-C2D564D755D6}.Release|Any CPU.Build.0 = Release|Any CPU
		{3711B314-864C-44E8-B481-DA0AACF62E05}.Debug|Any CPU.ActiveCfg = Debug|Any CPU
		{3711B314-864C-44E8-B481-DA0AACF62E05}.Debug|Any CPU.Build.0 = Debug|Any CPU
		{3711B314-864C-44E8-B481-DA0AACF62E05}.Release|Any CPU.ActiveCfg = Release|Any CPU
		{3711B314-864C-44E8-B481-DA0AACF62E05}.Release|Any CPU.Build.0 = Release|Any CPU
		{D4B466DE-A81D-4FD6-BDE3-C523C1D62F56}.Debug|Any CPU.ActiveCfg = Debug|Any CPU
		{D4B466DE-A81D-4FD6-BDE3-C523C1D62F56}.Debug|Any CPU.Build.0 = Debug|Any CPU
		{D4B466DE-A81D-4FD6-BDE3-C523C1D62F56}.Release|Any CPU.ActiveCfg = Release|Any CPU
		{D4B466DE-A81D-4FD6-BDE3-C523C1D62F56}.Release|Any CPU.Build.0 = Release|Any CPU
	EndGlobalSection
	GlobalSection(SolutionProperties) = preSolution
		HideSolutionNode = FALSE
	EndGlobalSection
	GlobalSection(NestedProjects) = preSolution
		{E9AEF64F-CA09-40DC-AAEA-F093696EF51B} = {F64AD3E4-640E-4E8F-B449-8E5B1D485C89}
		{F64AD3E4-640E-4E8F-B449-8E5B1D485C89} = {41EB9048-E76B-476F-A11C-CE55EA6D75F0}
		{2FF60A07-6EF5-4309-8E60-8ADE09B8EC71} = {41EB9048-E76B-476F-A11C-CE55EA6D75F0}
		{BA3A6AB6-2171-4FD7-B315-AB54F5DA647F} = {41EB9048-E76B-476F-A11C-CE55EA6D75F0}
		{AEE93437-911C-487F-A79B-2F014FB29873} = {41EB9048-E76B-476F-A11C-CE55EA6D75F0}
		{3E001268-7A7F-41B7-8F2C-1FE64B477AC6} = {72CD44AA-019E-408A-A19B-5105CA1F376B}
		{CBC9D730-BB97-424E-B90C-C2D564D755D6} = {3E001268-7A7F-41B7-8F2C-1FE64B477AC6}
		{3711B314-864C-44E8-B481-DA0AACF62E05} = {BA3A6AB6-2171-4FD7-B315-AB54F5DA647F}
		{0702E95B-4DB3-495E-887C-682A236BCD14} = {72CD44AA-019E-408A-A19B-5105CA1F376B}
		{D4B466DE-A81D-4FD6-BDE3-C523C1D62F56} = {0702E95B-4DB3-495E-887C-682A236BCD14}
	EndGlobalSection
EndGlobal
